
Microsoft Visual Studio Solution File, Format Version 12.00
# Visual Studio Version 16
VisualStudioVersion = 16.0.31702.278
MinimumVisualStudioVersion = 10.0.40219.1
Project("{FAE04EC0-301F-11D3-BF4B-00C04F79EFBC}") = "VideoPlayer", "VideoPlayer\VideoPlayer.csproj", "{91AC94C2-A359-434D-A193-818708AD51D1}"
EndProject
Global
	GlobalSection(SolutionConfigurationPlatforms) = preSolution
		Debug|Any CPU = Debug|Any CPU
		Release|Any CPU = Release|Any CPU
	EndGlobalSection
	GlobalSection(ProjectConfigurationPlatforms) = postSolution
		{91AC94C2-A359-434D-A193-818708AD51D1}.Debug|Any CPU.ActiveCfg = Debug|Any CPU
		{91AC94C2-A359-434D-A193-818708AD51D1}.Debug|Any CPU.Build.0 = Debug|Any CPU
		{91AC94C2-A359-434D-A193-818708AD51D1}.Release|Any CPU.ActiveCfg = Release|Any CPU
		{91AC94C2-A359-434D-A193-818708AD51D1}.Release|Any CPU.Build.0 = Release|Any CPU
	EndGlobalSection
	GlobalSection(SolutionProperties) = preSolution
		HideSolutionNode = FALSE
	EndGlobalSection
	GlobalSection(ExtensibilityGlobals) = postSolution
		SolutionGuid = {00D0160F-4B3B-43A5-9DA9-28E7C2050888}
	EndGlobalSection
EndGlobal
